
Microsoft Visual Studio Solution File, Format Version 12.00
# Visual Studio Version 17
VisualStudioVersion = 17.8.34408.163
MinimumVisualStudioVersion = 10.0.40219.1
Project("{FAE04EC0-301F-11D3-BF4B-00C04F79EFBC}") = "WebApplication1", "WebApplication1.csproj", "{CD894852-BD51-4C27-A62A-31D37F6BEC39}"
EndProject
Global
	GlobalSection(SolutionConfigurationPlatforms) = preSolution
		Debug|Any CPU = Debug|Any CPU
		Release|Any CPU = Release|Any CPU
	EndGlobalSection
	GlobalSection(ProjectConfigurationPlatforms) = postSolution
		{CD894852-BD51-4C27-A62A-31D37F6BEC39}.Debug|Any CPU.ActiveCfg = Debug|Any CPU
		{CD894852-BD51-4C27-A62A-31D37F6BEC39}.Debug|Any CPU.Build.0 = Debug|Any CPU
		{CD894852-BD51-4C27-A62A-31D37F6BEC39}.Release|Any CPU.ActiveCfg = Release|Any CPU
		{CD894852-BD51-4C27-A62A-31D37F6BEC39}.Release|Any CPU.Build.0 = Release|Any CPU
	EndGlobalSection
	GlobalSection(SolutionProperties) = preSolution
		HideSolutionNode = FALSE
	EndGlobalSection
	GlobalSection(ExtensibilityGlobals) = postSolution
		SolutionGuid = {9CD4AB64-794B-4585-AAAB-8F45CDF799EC}
	EndGlobalSection
EndGlobal
